{
  "name": "medical",
  "version": "1.0.0",
  "lockfileVersion": 1,
  "requires": true,
  "dependencies": {
    "@tencentcloud/chat": {
      "version": "3.2.0",
      "resolved": "https://registry.npmjs.org/@tencentcloud/chat/-/chat-3.2.0.tgz",
      "integrity": "sha512-ps4S3YazKOEme5nbPS0LFwZXC78tTLmYj0u711Un9kj+oFhmpORv9wnLVP2wbhza3ToscPx/BvyxW/VXtkgKnQ=="
    },
    "@vant/weapp": {
      "version": "1.10.24",
      "resolved": "https://registry.npmjs.org/@vant/weapp/-/weapp-1.10.24.tgz",
      "integrity": "sha512-oovAaaJq3mlB+wto5bHVCn/rov8IgRDg+gJXy6hPX0A3c9WF1GqLqSmoXyaktgidJ9IaV1RADd3PAFlw4lUsnQ=="
    },
    "@xmldom/xmldom": {
      "version": "0.8.10",
      "resolved": "https://registry.npmjs.org/@xmldom/xmldom/-/xmldom-0.8.10.tgz",
      "integrity": "sha512-2WALfTl4xo2SkGCYRt6rDTFfk9R1czmBvUQy12gK2KuRKIpWEhcbbzy8EZXtz/jkRqHX8bFEc6FC1HjX4TUWYw=="
    },
    "cos-wx-sdk-v5": {
      "version": "1.4.12",
      "resolved": "https://registry.npmjs.org/cos-wx-sdk-v5/-/cos-wx-sdk-v5-1.4.12.tgz",
      "integrity": "sha512-Lj34r8GxGoQLvcbH0/TgSzKyOrBziisRSOGfTJJssbAs2saLhJDKqR8fSi9/ovHx3A2uH70VpK0iH5m6MQl1dg==",
      "requires": {
        "@xmldom/xmldom": "^0.8.6",
        "mime": "^2.4.6"
      }
    },
    "js-pinyin": {
      "version": "0.2.5",
      "resolved": "https://registry.npmjs.org/js-pinyin/-/js-pinyin-0.2.5.tgz",
      "integrity": "sha512-XuqAZ9fctWCzKx/ALgsDRtfd/xwaC/IyAwkDkW8jTXhlVNRuj+lG2tKEOWraCHLgaOSPkSFFWXB3qjfNTaMU6A=="
    },
    "mime": {
      "version": "2.6.0",
      "resolved": "https://registry.npmjs.org/mime/-/mime-2.6.0.tgz",
      "integrity": "sha512-USPkMeET31rOMiarsBNIHZKLGgvKc/LrjofAnBlOttf5ajRvqiRA8QsenbcooctK6d6Ts6aqZXBA+XbkKthiQg=="
    },
    "tim-upload-plugin": {
      "version": "1.3.0",
      "resolved": "https://registry.npmjs.org/tim-upload-plugin/-/tim-upload-plugin-1.3.0.tgz",
      "integrity": "sha512-meoGeB3vOs3FvtBh+ik7zlOj8C03tC6MZEkjc8BKYvgTrCzBWVDXZi9a3X8AM/YtoyuTaeLuEmaLQj1O/5luuw=="
    }
  }
}
